{
  "nodes": {
    "home-manager": {
      "inputs": {
        "nixpkgs": [
          "nixpkgs"
        ]
      },
      "locked": {
        "lastModified": 1740796616,
        "narHash": "sha256-JU97wIfRxeFN6rpTsUVCwWAdix+Wka4Or23907YIrFI=",
        "owner": "nix-community",
        "repo": "home-manager",
        "rev": "f0b5e7e8a75abdea32bbff09ddd7b6eeb4b9b445",
        "type": "github"
      },
      "original": {
        "owner": "nix-community",
        "repo": "home-manager",
        "type": "github"
      }
    },
    "nixpkgs": {
      "locked": {
        "lastModified": 1740547748,
        "narHash": "sha256-Ly2fBL1LscV+KyCqPRufUBuiw+zmWrlJzpWOWbahplg=",
        "owner": "NixOS",
        "repo": "nixpkgs",
        "rev": "3a05eebede89661660945da1f151959900903b6a",
        "type": "github"
      },
      "original": {
        "owner": "NixOS",
        "ref": "nixpkgs-unstable",
        "repo": "nixpkgs",
        "type": "github"
      }
    },
    "plasma-manager": {
      "inputs": {
        "home-manager": [
          "home-manager"
        ],
        "nixpkgs": [
          "nixpkgs"
        ]
      },
      "locked": {
        "lastModified": 1740569341,
        "narHash": "sha256-WV8nY2IOfWdzBF5syVgCcgOchg/qQtpYh6LECYS9XkY=",
        "owner": "nix-community",
        "repo": "plasma-manager",
        "rev": "5eeb0172fb74392053b66a8149e61b5e191b2845",
        "type": "github"
      },
      "original": {
        "owner": "nix-community",
        "repo": "plasma-manager",
        "type": "github"
      }
    },
    "root": {
      "inputs": {
        "home-manager": "home-manager",
        "nixpkgs": "nixpkgs",
        "plasma-manager": "plasma-manager"
      }
    }
  },
  "root": "root",
  "version": 7
}
